
Microsoft Visual Studio Solution File, Format Version 12.00
# Visual Studio 15
VisualStudioVersion = 15.0.27130.2027
MinimumVisualStudioVersion = 10.0.40219.1
Project("{FAE04EC0-301F-11D3-BF4B-00C04F79EFBC}") = "04_COM", "04_COM\04_COM.csproj", "{F1C2EEC1-7837-4C6A-86C3-7AC25FC40E7D}"
EndProject
Global
	GlobalSection(SolutionConfigurationPlatforms) = preSolution
		Debug|Any CPU = Debug|Any CPU
		Release|Any CPU = Release|Any CPU
	EndGlobalSection
	GlobalSection(ProjectConfigurationPlatforms) = postSolution
		{F1C2EEC1-7837-4C6A-86C3-7AC25FC40E7D}.Debug|Any CPU.ActiveCfg = Debug|Any CPU
		{F1C2EEC1-7837-4C6A-86C3-7AC25FC40E7D}.Debug|Any CPU.Build.0 = Debug|Any CPU
		{F1C2EEC1-7837-4C6A-86C3-7AC25FC40E7D}.Release|Any CPU.ActiveCfg = Release|Any CPU
		{F1C2EEC1-7837-4C6A-86C3-7AC25FC40E7D}.Release|Any CPU.Build.0 = Release|Any CPU
	EndGlobalSection
	GlobalSection(SolutionProperties) = preSolution
		HideSolutionNode = FALSE
	EndGlobalSection
	GlobalSection(ExtensibilityGlobals) = postSolution
		SolutionGuid = {4D2D2747-B518-4BCA-9096-ABE047D69D3F}
	EndGlobalSection
EndGlobal
